// !$*UTF8*$!
{
	archiveVersion = 1;
	classes = {
	};
	objectVersion = 46;
	objects = {

/* Begin PBXBuildFile section */
		85E6B5581B2B84470052C280 /* main.m in Sources */ = {isa = PBXBuildFile; fileRef = 85E6B5571B2B84470052C280 /* main.m */; };
		85E6B55B1B2B84470052C280 /* AppDelegate.m in Sources */ = {isa = PBXBuildFile; fileRef = 85E6B55A1B2B84470052C280 /* AppDelegate.m */; };
		85E6B55E1B2B84470052C280 /* ViewController.m in Sources */ = {isa = PBXBuildFile; fileRef = 85E6B55D1B2B84470052C280 /* ViewController.m */; };
		85E6B5611B2B84470052C280 /* Main.storyboard in Resources */ = {isa = PBXBuildFile; fileRef = 85E6B55F1B2B84470052C280 /* Main.storyboard */; };
		85E6B5631B2B84470052C280 /* Images.xcassets in Resources */ = {isa = PBXBuildFile; fileRef = 85E6B5621B2B84470052C280 /* Images.xcassets */; };
		85E6B5661B2B84470052C280 /* LaunchScreen.xib in Resources */ = {isa = PBXBuildFile; fileRef = 85E6B5641B2B84470052C280 /* LaunchScreen.xib */; };
		85E6B5721B2B84470052C280 /* assingment1Tests.m in Sources */ = {isa = PBXBuildFile; fileRef = 85E6B5711B2B84470052C280 /* assingment1Tests.m */; };
		85E6B5831B2B8CB40052C280 /* SecondViewController.m in Sources */ = {isa = PBXBuildFile; fileRef = 85E6B5821B2B8CB40052C280 /* SecondViewController.m */; };
		85E6B5861B2B96AE0052C280 /* ThirdViewController.m in Sources */ = {isa = PBXBuildFile; fileRef = 85E6B5851B2B96AE0052C280 /* ThirdViewController.m */; };
		85E6B58B1B2B9E960052C280 /* romo.jpg in Resources */ = {isa = PBXBuildFile; fileRef = 85E6B58A1B2B9E950052C280 /* romo.jpg */; };
/* End PBXBuildFile section */

/* Begin PBXContainerItemProxy section */
		85E6B56C1B2B84470052C280 /* PBXContainerItemProxy */ = {
			isa = PBXContainerItemProxy;
			containerPortal = 85E6B54A1B2B84470052C280 /* Project object */;
			proxyType = 1;
			remoteGlobalIDString = 85E6B5511B2B84470052C280;
			remoteInfo = assingment1;
		};
/* End PBXContainerItemProxy section */

/* Begin PBXFileReference section */
		85E6B5521B2B84470052C280 /* assingment1.app */ = {isa = PBXFileReference; explicitFileType = wrapper.application; includeInIndex = 0; path = assingment1.app; sourceTree = BUILT_PRODUCTS_DIR; };
		85E6B5561B2B84470052C280 /* Info.plist */ = {isa = PBXFileReference; lastKnownFileType = text.plist.xml; path = Info.plist; sourceTree = "<group>"; };
		85E6B5571B2B84470052C280 /* main.m */ = {isa = PBXFileReference; lastKnownFileType = sourcecode.c.objc; path = main.m; sourceTree = "<group>"; };
		85E6B5591B2B84470052C280 /* AppDelegate.h */ = {isa = PBXFileReference; lastKnownFileType = sourcecode.c.h; path = AppDelegate.h; sourceTree = "<group>"; };
		85E6B55A1B2B84470052C280 /* AppDelegate.m */ = {isa = PBXFileReference; lastKnownFileType = sourcecode.c.objc; path = AppDelegate.m; sourceTree = "<group>"; };
		85E6B55C1B2B84470052C280 /* ViewController.h */ = {isa = PBXFileReference; lastKnownFileType = sourcecode.c.h; path = ViewController.h; sourceTree = "<group>"; };
		85E6B55D1B2B84470052C280 /* ViewController.m */ = {isa = PBXFileReference; lastKnownFileType = sourcecode.c.objc; path = ViewController.m; sourceTree = "<group>"; };
		85E6B5601B2B84470052C280 /* Base */ = {isa = PBXFileReference; lastKnownFileType = file.storyboard; name = Base; path = Base.lproj/Main.storyboard; sourceTree = "<group>"; };
		85E6B5621B2B84470052C280 /* Images.xcassets */ = {isa = PBXFileReference; lastKnownFileType = folder.assetcatalog; path = Images.xcassets; sourceTree = "<group>"; };
		85E6B5651B2B84470052C280 /* Base */ = {isa = PBXFileReference; lastKnownFileType = file.xib; name = Base; path = Base.lproj/LaunchScreen.xib; sourceTree = "<group>"; };
		85E6B56B1B2B84470052C280 /* assingment1Tests.xctest */ = {isa = PBXFileReference; explicitFileType = wrapper.cfbundle; includeInIndex = 0; path = assingment1Tests.xctest; sourceTree = BUILT_PRODUCTS_DIR; };
		85E6B5701B2B84470052C280 /* Info.plist */ = {isa = PBXFileReference; lastKnownFileType = text.plist.xml; path = Info.plist; sourceTree = "<group>"; };
		85E6B5711B2B84470052C280 /* assingment1Tests.m */ = {isa = PBXFileReference; lastKnownFileType = sourcecode.c.objc; path = assingment1Tests.m; sourceTree = "<group>"; };
		85E6B5811B2B8CB40052C280 /* SecondViewController.h */ = {isa = PBXFileReference; fileEncoding = 4; lastKnownFileType = sourcecode.c.h; path = SecondViewController.h; sourceTree = "<group>"; };
		85E6B5821B2B8CB40052C280 /* SecondViewController.m */ = {isa = PBXFileReference; fileEncoding = 4; lastKnownFileType = sourcecode.c.objc; path = SecondViewController.m; sourceTree = "<group>"; };
		85E6B5841B2B96AE0052C280 /* ThirdViewController.h */ = {isa = PBXFileReference; fileEncoding = 4; lastKnownFileType = sourcecode.c.h; name = ThirdViewController.h; path = ../../ThirdViewController.h; sourceTree = "<group>"; };
		85E6B5851B2B96AE0052C280 /* ThirdViewController.m */ = {isa = PBXFileReference; fileEncoding = 4; lastKnownFileType = sourcecode.c.objc; name = ThirdViewController.m; path = ../../ThirdViewController.m; sourceTree = "<group>"; };
		85E6B58A1B2B9E950052C280 /* romo.jpg */ = {isa = PBXFileReference; lastKnownFileType = image.jpeg; name = romo.jpg; path = ../../../romo.jpg; sourceTree = "<group>"; };
/* End PBXFileReference section */

/* Begin PBXFrameworksBuildPhase section */
		85E6B54F1B2B84470052C280 /* Frameworks */ = {
			isa = PBXFrameworksBuildPhase;
			buildActionMask = 2147483647;
			files = (
			);
			runOnlyForDeploymentPostprocessing = 0;
		};
		85E6B5681B2B84470052C280 /* Frameworks */ = {
			isa = PBXFrameworksBuildPhase;
			buildActionMask = 2147483647;
			files = (
			);
			runOnlyForDeploymentPostprocessing = 0;
		};
/* End PBXFrameworksBuildPhase section */

/* Begin PBXGroup section */
		85E6B5491B2B84470052C280 = {
			isa = PBXGroup;
			children = (
				85E6B5541B2B84470052C280 /* assingment1 */,
				85E6B56E1B2B84470052C280 /* assingment1Tests */,
				85E6B5531B2B84470052C280 /* Products */,
			);
			sourceTree = "<group>";
		};
		85E6B5531B2B84470052C280 /* Products */ = {
			isa = PBXGroup;
			children = (
				85E6B5521B2B84470052C280 /* assingment1.app */,
				85E6B56B1B2B84470052C280 /* assingment1Tests.xctest */,
			);
			name = Products;
			sourceTree = "<group>";
		};
		85E6B5541B2B84470052C280 /* assingment1 */ = {
			isa = PBXGroup;
			children = (
				85E6B5811B2B8CB40052C280 /* SecondViewController.h */,
				85E6B5821B2B8CB40052C280 /* SecondViewController.m */,
				85E6B5591B2B84470052C280 /* AppDelegate.h */,
				85E6B55A1B2B84470052C280 /* AppDelegate.m */,
				85E6B55C1B2B84470052C280 /* ViewController.h */,
				85E6B55D1B2B84470052C280 /* ViewController.m */,
				85E6B55F1B2B84470052C280 /* Main.storyboard */,
				85E6B5841B2B96AE0052C280 /* ThirdViewController.h */,
				85E6B5851B2B96AE0052C280 /* ThirdViewController.m */,
				85E6B58A1B2B9E950052C280 /* romo.jpg */,
				85E6B5621B2B84470052C280 /* Images.xcassets */,
				85E6B5641B2B84470052C280 /* LaunchScreen.xib */,
				85E6B5551B2B84470052C280 /* Supporting Files */,
			);
			path = assingment1;
			sourceTree = "<group>";
		};
		85E6B5551B2B84470052C280 /* Supporting Files */ = {
			isa = PBXGroup;
			children = (
				85E6B5561B2B84470052C280 /* Info.plist */,
				85E6B5571B2B84470052C280 /* main.m */,
			);
			name = "Supporting Files";
			sourceTree = "<group>";
		};
		85E6B56E1B2B84470052C280 /* assingment1Tests */ = {
			isa = PBXGroup;
			children = (
				85E6B5711B2B84470052C280 /* assingment1Tests.m */,
				85E6B56F1B2B84470052C280 /* Supporting Files */,
			);
			path = assingment1Tests;
			sourceTree = "<group>";
		};
		85E6B56F1B2B84470052C280 /* Supporting Files */ = {
			isa = PBXGroup;
			children = (
				85E6B5701B2B84470052C280 /* Info.plist */,
			);
			name = "Supporting Files";
			sourceTree = "<group>";
		};
/* End PBXGroup section */

/* Begin PBXNativeTarget section */
		85E6B5511B2B84470052C280 /* assingment1 */ = {
			isa = PBXNativeTarget;
			buildConfigurationList = 85E6B5751B2B84470052C280 /* Build configuration list for PBXNativeTarget "assingment1" */;
			buildPhases = (
				85E6B54E1B2B84470052C280 /* Sources */,
				85E6B54F1B2B84470052C280 /* Frameworks */,
				85E6B5501B2B84470052C280 /* Resources */,
			);
			buildRules = (
			);
			dependencies = (
			);
			name = assingment1;
			productName = assingment1;
			productReference = 85E6B5521B2B84470052C280 /* assingment1.app */;
			productType = "com.apple.product-type.application";
		};
		85E6B56A1B2B84470052C280 /* assingment1Tests */ = {
			isa = PBXNativeTarget;
			buildConfigurationList = 85E6B5781B2B84470052C280 /* Build configuration list for PBXNativeTarget "assingment1Tests" */;
			buildPhases = (
				85E6B5671B2B84470052C280 /* Sources */,
				85E6B5681B2B84470052C280 /* Frameworks */,
				85E6B5691B2B84470052C280 /* Resources */,
			);
			buildRules = (
			);
			dependencies = (
				85E6B56D1B2B84470052C280 /* PBXTargetDependency */,
			);
			name = assingment1Tests;
			productName = assingment1Tests;
			productReference = 85E6B56B1B2B84470052C280 /* assingment1Tests.xctest */;
			productType = "com.apple.product-type.bundle.unit-test";
		};
/* End PBXNativeTarget section */

/* Begin PBXProject section */
		85E6B54A1B2B84470052C280 /* Project object */ = {
			isa = PBXProject;
			attributes = {
				LastUpgradeCheck = 0630;
				ORGANIZATIONNAME = "Gaddala, Shivani (UMKC-Student)";
				TargetAttributes = {
					85E6B5511B2B84470052C280 = {
						CreatedOnToolsVersion = 6.3.2;
					};
					85E6B56A1B2B84470052C280 = {
						CreatedOnToolsVersion = 6.3.2;
						TestTargetID = 85E6B5511B2B84470052C280;
					};
				};
			};
			buildConfigurationList = 85E6B54D1B2B84470052C280 /* Build configuration list for PBXProject "assingment1" */;
			compatibilityVersion = "Xcode 3.2";
			developmentRegion = English;
			hasScannedForEncodings = 0;
			knownRegions = (
				en,
				Base,
			);
			mainGroup = 85E6B5491B2B84470052C280;
			productRefGroup = 85E6B5531B2B84470052C280 /* Products */;
			projectDirPath = "";
			projectRoot = "";
			targets = (
				85E6B5511B2B84470052C280 /* assingment1 */,
				85E6B56A1B2B84470052C280 /* assingment1Tests */,
			);
		};
/* End PBXProject section */

/* Begin PBXResourcesBuildPhase section */
		85E6B5501B2B84470052C280 /* Resources */ = {
			isa = PBXResourcesBuildPhase;
			buildActionMask = 2147483647;
			files = (
				85E6B58B1B2B9E960052C280 /* romo.jpg in Resources */,
				85E6B5611B2B84470052C280 /* Main.storyboard in Resources */,
				85E6B5661B2B84470052C280 /* LaunchScreen.xib in Resources */,
				85E6B5631B2B84470052C280 /* Images.xcassets in Resources */,
			);
			runOnlyForDeploymentPostprocessing = 0;
		};
		85E6B5691B2B84470052C280 /* Resources */ = {
			isa = PBXResourcesBuildPhase;
			buildActionMask = 2147483647;
			files = (
			);
			runOnlyForDeploymentPostprocessing = 0;
		};
/* End PBXResourcesBuildPhase section */

/* Begin PBXSourcesBuildPhase section */
		85E6B54E1B2B84470052C280 /* Sources */ = {
			isa = PBXSourcesBuildPhase;
			buildActionMask = 2147483647;
			files = (
				85E6B5831B2B8CB40052C280 /* SecondViewController.m in Sources */,
				85E6B5861B2B96AE0052C280 /* ThirdViewController.m in Sources */,
				85E6B55E1B2B84470052C280 /* ViewController.m in Sources */,
				85E6B55B1B2B84470052C280 /* AppDelegate.m in Sources */,
				85E6B5581B2B84470052C280 /* main.m in Sources */,
			);
			runOnlyForDeploymentPostprocessing = 0;
		};
		85E6B5671B2B84470052C280 /* Sources */ = {
			isa = PBXSourcesBuildPhase;
			buildActionMask = 2147483647;
			files = (
				85E6B5721B2B84470052C280 /* assingment1Tests.m in Sources */,
			);
			runOnlyForDeploymentPostprocessing = 0;
		};
/* End PBXSourcesBuildPhase section */

/* Begin PBXTargetDependency section */
		85E6B56D1B2B84470052C280 /* PBXTargetDependency */ = {
			isa = PBXTargetDependency;
			target = 85E6B5511B2B84470052C280 /* assingment1 */;
			targetProxy = 85E6B56C1B2B84470052C280 /* PBXContainerItemProxy */;
		};
/* End PBXTargetDependency section */

/* Begin PBXVariantGroup section */
		85E6B55F1B2B84470052C280 /* Main.storyboard */ = {
			isa = PBXVariantGroup;
			children = (
				85E6B5601B2B84470052C280 /* Base */,
			);
			name = Main.storyboard;
			sourceTree = "<group>";
		};
		85E6B5641B2B84470052C280 /* LaunchScreen.xib */ = {
			isa = PBXVariantGroup;
			children = (
				85E6B5651B2B84470052C280 /* Base */,
			);
			name = LaunchScreen.xib;
			sourceTree = "<group>";
		};
/* End PBXVariantGroup section */

/* Begin XCBuildConfiguration section */
		85E6B5731B2B84470052C280 /* Debug */ = {
			isa = XCBuildConfiguration;
			buildSettings = {
				ALWAYS_SEARCH_USER_PATHS = NO;
				CLANG_CXX_LANGUAGE_STANDARD = "gnu++0x";
				CLANG_CXX_LIBRARY = "libc++";
				CLANG_ENABLE_MODULES = YES;
				CLANG_ENABLE_OBJC_ARC = YES;
				CLANG_WARN_BOOL_CONVERSION = YES;
				CLANG_WARN_CONSTANT_CONVERSION = YES;
				CLANG_WARN_DIRECT_OBJC_ISA_USAGE = YES_ERROR;
				CLANG_WARN_EMPTY_BODY = YES;
				CLANG_WARN_ENUM_CONVERSION = YES;
				CLANG_WARN_INT_CONVERSION = YES;
				CLANG_WARN_OBJC_ROOT_CLASS = YES_ERROR;
				CLANG_WARN_UNREACHABLE_CODE = YES;
				CLANG_WARN__DUPLICATE_METHOD_MATCH = YES;
				"CODE_SIGN_IDENTITY[sdk=iphoneos*]" = "iPhone Developer";
				COPY_PHASE_STRIP = NO;
				DEBUG_INFORMATION_FORMAT = "dwarf-with-dsym";
				ENABLE_STRICT_OBJC_MSGSEND = YES;
				GCC_C_LANGUAGE_STANDARD = gnu99;
				GCC_DYNAMIC_NO_PIC = NO;
				GCC_NO_COMMON_BLOCKS = YES;
				GCC_OPTIMIZATION_LEVEL = 0;
				GCC_PREPROCESSOR_DEFINITIONS = (
					"DEBUG=1",
					"$(inherited)",
				);
				GCC_SYMBOLS_PRIVATE_EXTERN = NO;
				GCC_WARN_64_TO_32_BIT_CONVERSION = YES;
				GCC_WARN_ABOUT_RETURN_TYPE = YES_ERROR;
				GCC_WARN_UNDECLARED_SELECTOR = YES;
				GCC_WARN_UNINITIALIZED_AUTOS = YES_AGGRESSIVE;
				GCC_WARN_UNUSED_FUNCTION = YES;
				GCC_WARN_UNUSED_VARIABLE = YES;
				IPHONEOS_DEPLOYMENT_TARGET = 8.3;
				MTL_ENABLE_DEBUG_INFO = YES;
				ONLY_ACTIVE_ARCH = YES;
				SDKROOT = iphoneos;
			};
			name = Debug;
		};
		85E6B5741B2B84470052C280 /* Release */ = {
			isa = XCBuildConfiguration;
			buildSettings = {
				ALWAYS_SEARCH_USER_PATHS = NO;
				CLANG_CXX_LANGUAGE_STANDARD = "gnu++0x";
				CLANG_CXX_LIBRARY = "libc++";
				CLANG_ENABLE_MODULES = YES;
				CLANG_ENABLE_OBJC_ARC = YES;
				CLANG_WARN_BOOL_CONVERSION = YES;
				CLANG_WARN_CONSTANT_CONVERSION = YES;
				CLANG_WARN_DIRECT_OBJC_ISA_USAGE = YES_ERROR;
				CLANG_WARN_EMPTY_BODY = YES;
				CLANG_WARN_ENUM_CONVERSION = YES;
				CLANG_WARN_INT_CONVERSION = YES;
				CLANG_WARN_OBJC_ROOT_CLASS = YES_ERROR;
				CLANG_WARN_UNREACHABLE_CODE = YES;
				CLANG_WARN__DUPLICATE_METHOD_MATCH = YES;
				"CODE_SIGN_IDENTITY[sdk=iphoneos*]" = "iPhone Developer";
				COPY_PHASE_STRIP = NO;
				DEBUG_INFORMATION_FORMAT = "dwarf-with-dsym";
				ENABLE_NS_ASSERTIONS = NO;
				ENABLE_STRICT_OBJC_MSGSEND = YES;
				GCC_C_LANGUAGE_STANDARD = gnu99;
				GCC_NO_COMMON_BLOCKS = YES;
				GCC_WARN_64_TO_32_BIT_CONVERSION = YES;
				GCC_WARN_ABOUT_RETURN_TYPE = YES_ERROR;
				GCC_WARN_UNDECLARED_SELECTOR = YES;
				GCC_WARN_UNINITIALIZED_AUTOS = YES_AGGRESSIVE;
				GCC_WARN_UNUSED_FUNCTION = YES;
				GCC_WARN_UNUSED_VARIABLE = YES;
				IPHONEOS_DEPLOYMENT_TARGET = 8.3;
				MTL_ENABLE_DEBUG_INFO = NO;
				SDKROOT = iphoneos;
				VALIDATE_PRODUCT = YES;
			};
			name = Release;
		};
		85E6B5761B2B84470052C280 /* Debug */ = {
			isa = XCBuildConfiguration;
			buildSettings = {
				ASSETCATALOG_COMPILER_APPICON_NAME = AppIcon;
				INFOPLIST_FILE = assingment1/Info.plist;
				LD_RUNPATH_SEARCH_PATHS = "$(inherited) @executable_path/Frameworks";
				PRODUCT_NAME = "$(TARGET_NAME)";
			};
			name = Debug;
		};
		85E6B5771B2B84470052C280 /* Release */ = {
			isa = XCBuildConfiguration;
			buildSettings = {
				ASSETCATALOG_COMPILER_APPICON_NAME = AppIcon;
				INFOPLIST_FILE = assingment1/Info.plist;
				LD_RUNPATH_SEARCH_PATHS = "$(inherited) @executable_path/Frameworks";
				PRODUCT_NAME = "$(TARGET_NAME)";
			};
			name = Release;
		};
		85E6B5791B2B84470052C280 /* Debug */ = {
			isa = XCBuildConfiguration;
			buildSettings = {
				BUNDLE_LOADER = "$(TEST_HOST)";
				FRAMEWORK_SEARCH_PATHS = (
					"$(SDKROOT)/Developer/Library/Frameworks",
					"$(inherited)",
				);
				GCC_PREPROCESSOR_DEFINITIONS = (
					"DEBUG=1",
					"$(inherited)",
				);
				INFOPLIST_FILE = assingment1Tests/Info.plist;
				LD_RUNPATH_SEARCH_PATHS = "$(inherited) @executable_path/Frameworks @loader_path/Frameworks";
				PRODUCT_NAME = "$(TARGET_NAME)";
				TEST_HOST = "$(BUILT_PRODUCTS_DIR)/assingment1.app/assingment1";
			};
			name = Debug;
		};
		85E6B57A1B2B84470052C280 /* Release */ = {
			isa = XCBuildConfiguration;
			buildSettings = {
				BUNDLE_LOADER = "$(TEST_HOST)";
				FRAMEWORK_SEARCH_PATHS = (
					"$(SDKROOT)/Developer/Library/Frameworks",
					"$(inherited)",
				);
				INFOPLIST_FILE = assingment1Tests/Info.plist;
				LD_RUNPATH_SEARCH_PATHS = "$(inherited) @executable_path/Frameworks @loader_path/Frameworks";
				PRODUCT_NAME = "$(TARGET_NAME)";
				TEST_HOST = "$(BUILT_PRODUCTS_DIR)/assingment1.app/assingment1";
			};
			name = Release;
		};
/* End XCBuildConfiguration section */

/* Begin XCConfigurationList section */
		85E6B54D1B2B84470052C280 /* Build configuration list for PBXProject "assingment1" */ = {
			isa = XCConfigurationList;
			buildConfigurations = (
				85E6B5731B2B84470052C280 /* Debug */,
				85E6B5741B2B84470052C280 /* Release */,
			);
			defaultConfigurationIsVisible = 0;
			defaultConfigurationName = Release;
		};
		85E6B5751B2B84470052C280 /* Build configuration list for PBXNativeTarget "assingment1" */ = {
			isa = XCConfigurationList;
			buildConfigurations = (
				85E6B5761B2B84470052C280 /* Debug */,
				85E6B5771B2B84470052C280 /* Release */,
			);
			defaultConfigurationIsVisible = 0;
		};
		85E6B5781B2B84470052C280 /* Build configuration list for PBXNativeTarget "assingment1Tests" */ = {
			isa = XCConfigurationList;
			buildConfigurations = (
				85E6B5791B2B84470052C280 /* Debug */,
				85E6B57A1B2B84470052C280 /* Release */,
			);
			defaultConfigurationIsVisible = 0;
		};
/* End XCConfigurationList section */
	};
	rootObject = 85E6B54A1B2B84470052C280 /* Project object */;
}
